
Microsoft Visual Studio Solution File, Format Version 12.00
# Visual Studio Version 16
VisualStudioVersion = 16.0.31624.102
MinimumVisualStudioVersion = 10.0.40219.1
Project("{9A19103F-16F7-4668-BE54-9A1E7A4F7556}") = "API", "Test\API.csproj", "{6524845C-0947-4E2B-9287-4D79164127CC}"
EndProject
Project("{2150E333-8FDC-42A3-9474-1A3956D46DE8}") = "src", "src", "{09644B39-DE78-4D27-84DA-54ECB5BF8261}"
EndProject
Project("{9A19103F-16F7-4668-BE54-9A1E7A4F7556}") = "DLL", "DLL\DLL.csproj", "{0864D35E-5C41-4D21-A360-0B8E5B123AA3}"
EndProject
Global
	GlobalSection(SolutionConfigurationPlatforms) = preSolution
		Debug|Any CPU = Debug|Any CPU
		Release|Any CPU = Release|Any CPU
	EndGlobalSection
	GlobalSection(ProjectConfigurationPlatforms) = postSolution
		{6524845C-0947-4E2B-9287-4D79164127CC}.Debug|Any CPU.ActiveCfg = Debug|Any CPU
		{6524845C-0947-4E2B-9287-4D79164127CC}.Debug|Any CPU.Build.0 = Debug|Any CPU
		{6524845C-0947-4E2B-9287-4D79164127CC}.Release|Any CPU.ActiveCfg = Release|Any CPU
		{6524845C-0947-4E2B-9287-4D79164127CC}.Release|Any CPU.Build.0 = Release|Any CPU
		{0864D35E-5C41-4D21-A360-0B8E5B123AA3}.Debug|Any CPU.ActiveCfg = Debug|Any CPU
		{0864D35E-5C41-4D21-A360-0B8E5B123AA3}.Debug|Any CPU.Build.0 = Debug|Any CPU
		{0864D35E-5C41-4D21-A360-0B8E5B123AA3}.Release|Any CPU.ActiveCfg = Release|Any CPU
		{0864D35E-5C41-4D21-A360-0B8E5B123AA3}.Release|Any CPU.Build.0 = Release|Any CPU
	EndGlobalSection
	GlobalSection(SolutionProperties) = preSolution
		HideSolutionNode = FALSE
	EndGlobalSection
	GlobalSection(NestedProjects) = preSolution
		{6524845C-0947-4E2B-9287-4D79164127CC} = {09644B39-DE78-4D27-84DA-54ECB5BF8261}
		{0864D35E-5C41-4D21-A360-0B8E5B123AA3} = {09644B39-DE78-4D27-84DA-54ECB5BF8261}
	EndGlobalSection
	GlobalSection(ExtensibilityGlobals) = postSolution
		SolutionGuid = {C5B56AC1-2CFF-46CC-B4E8-A0A0308C0BE1}
	EndGlobalSection
EndGlobal
